
Microsoft Visual Studio Solution File, Format Version 12.00
# Visual Studio Version 17
VisualStudioVersion = 17.6.33717.318
MinimumVisualStudioVersion = 10.0.40219.1
Project("{FAE04EC0-301F-11D3-BF4B-00C04F79EFBC}") = "Huffman.Console", "Huffman.Console\Huffman.Console.csproj", "{BFAC4B0B-F4F4-61BB-C17E-F1FEEDC233FF}"
EndProject
Project("{FAE04EC0-301F-11D3-BF4B-00C04F79EFBC}") = "Huffman.Core", "Huffman.Core\Huffman.Core.csproj", "{53527FA5-D60A-592F-45AA-CB8332854296}"
EndProject
Project("{FAE04EC0-301F-11D3-BF4B-00C04F79EFBC}") = "Huffman.Core.Tests", "Huffman.Core.Tests\Huffman.Core.Tests.csproj", "{F54640A8-4097-4F1A-9980-1C3EEF8C3D8B}"
EndProject
Project("{FAE04EC0-301F-11D3-BF4B-00C04F79EFBC}") = "Huffman.IO", "Huffman.IO\Huffman.IO.csproj", "{2A5FC015-43A1-4A49-AD46-E2801E6A9CDA}"
EndProject
Global
	GlobalSection(SolutionConfigurationPlatforms) = preSolution
		Debug|Any CPU = Debug|Any CPU
		Release|Any CPU = Release|Any CPU
	EndGlobalSection
	GlobalSection(ProjectConfigurationPlatforms) = postSolution
		{BFAC4B0B-F4F4-61BB-C17E-F1FEEDC233FF}.Debug|Any CPU.ActiveCfg = Debug|Any CPU
		{BFAC4B0B-F4F4-61BB-C17E-F1FEEDC233FF}.Debug|Any CPU.Build.0 = Debug|Any CPU
		{BFAC4B0B-F4F4-61BB-C17E-F1FEEDC233FF}.Release|Any CPU.ActiveCfg = Release|Any CPU
		{BFAC4B0B-F4F4-61BB-C17E-F1FEEDC233FF}.Release|Any CPU.Build.0 = Release|Any CPU
		{53527FA5-D60A-592F-45AA-CB8332854296}.Debug|Any CPU.ActiveCfg = Debug|Any CPU
		{53527FA5-D60A-592F-45AA-CB8332854296}.Debug|Any CPU.Build.0 = Debug|Any CPU
		{53527FA5-D60A-592F-45AA-CB8332854296}.Release|Any CPU.ActiveCfg = Release|Any CPU
		{53527FA5-D60A-592F-45AA-CB8332854296}.Release|Any CPU.Build.0 = Release|Any CPU
		{F54640A8-4097-4F1A-9980-1C3EEF8C3D8B}.Debug|Any CPU.ActiveCfg = Debug|Any CPU
		{F54640A8-4097-4F1A-9980-1C3EEF8C3D8B}.Debug|Any CPU.Build.0 = Debug|Any CPU
		{F54640A8-4097-4F1A-9980-1C3EEF8C3D8B}.Release|Any CPU.ActiveCfg = Release|Any CPU
		{F54640A8-4097-4F1A-9980-1C3EEF8C3D8B}.Release|Any CPU.Build.0 = Release|Any CPU
		{2A5FC015-43A1-4A49-AD46-E2801E6A9CDA}.Debug|Any CPU.ActiveCfg = Debug|Any CPU
		{2A5FC015-43A1-4A49-AD46-E2801E6A9CDA}.Debug|Any CPU.Build.0 = Debug|Any CPU
		{2A5FC015-43A1-4A49-AD46-E2801E6A9CDA}.Release|Any CPU.ActiveCfg = Release|Any CPU
		{2A5FC015-43A1-4A49-AD46-E2801E6A9CDA}.Release|Any CPU.Build.0 = Release|Any CPU
	EndGlobalSection
	GlobalSection(SolutionProperties) = preSolution
		HideSolutionNode = FALSE
	EndGlobalSection
	GlobalSection(ExtensibilityGlobals) = postSolution
		SolutionGuid = {15250549-8242-43F1-8E98-80C396F6A9C9}
	EndGlobalSection
EndGlobal
